
Microsoft Visual Studio Solution File, Format Version 12.00
# Visual Studio Version 16
VisualStudioVersion = 16.0.29613.14
MinimumVisualStudioVersion = 10.0.40219.1
Project("{9A19103F-16F7-4668-BE54-9A1E7A4F7556}") = "Rice.Module", "Rice.Module\Rice.Module.csproj", "{CE7A7A19-150E-4545-9436-DB0DFA34F350}"
EndProject
Project("{FAE04EC0-301F-11D3-BF4B-00C04F79EFBC}") = "Rice.Module.Abstractions", "Rice.Module.Abstractions\Rice.Module.Abstractions.csproj", "{FC5916A7-A1DB-4A10-97EA-DEAEECF25D87}"
EndProject
Global
	GlobalSection(SolutionConfigurationPlatforms) = preSolution
		Debug|Any CPU = Debug|Any CPU
		Release|Any CPU = Release|Any CPU
	EndGlobalSection
	GlobalSection(ProjectConfigurationPlatforms) = postSolution
		{CE7A7A19-150E-4545-9436-DB0DFA34F350}.Debug|Any CPU.ActiveCfg = Debug|Any CPU
		{CE7A7A19-150E-4545-9436-DB0DFA34F350}.Debug|Any CPU.Build.0 = Debug|Any CPU
		{CE7A7A19-150E-4545-9436-DB0DFA34F350}.Release|Any CPU.ActiveCfg = Release|Any CPU
		{CE7A7A19-150E-4545-9436-DB0DFA34F350}.Release|Any CPU.Build.0 = Release|Any CPU
		{FC5916A7-A1DB-4A10-97EA-DEAEECF25D87}.Debug|Any CPU.ActiveCfg = Debug|Any CPU
		{FC5916A7-A1DB-4A10-97EA-DEAEECF25D87}.Debug|Any CPU.Build.0 = Debug|Any CPU
		{FC5916A7-A1DB-4A10-97EA-DEAEECF25D87}.Release|Any CPU.ActiveCfg = Release|Any CPU
		{FC5916A7-A1DB-4A10-97EA-DEAEECF25D87}.Release|Any CPU.Build.0 = Release|Any CPU
	EndGlobalSection
	GlobalSection(SolutionProperties) = preSolution
		HideSolutionNode = FALSE
	EndGlobalSection
	GlobalSection(ExtensibilityGlobals) = postSolution
		SolutionGuid = {932CC0A5-B525-446C-AAEA-7BF2A5342DD6}
	EndGlobalSection
EndGlobal
